
Microsoft Visual Studio Solution File, Format Version 12.00
# Visual Studio Version 16
VisualStudioVersion = 16.0.31515.178
MinimumVisualStudioVersion = 10.0.40219.1
Project("{FAE04EC0-301F-11D3-BF4B-00C04F79EFBC}") = "STG.Game", "STG.Game\STG.Game.csproj", "{2B54FA22-CFF1-4CFA-AE7D-2A58BAD0911A}"
EndProject
Global
	GlobalSection(SolutionConfigurationPlatforms) = preSolution
		Debug|Any CPU = Debug|Any CPU
		Release|Any CPU = Release|Any CPU
	EndGlobalSection
	GlobalSection(ProjectConfigurationPlatforms) = postSolution
		{2B54FA22-CFF1-4CFA-AE7D-2A58BAD0911A}.Debug|Any CPU.ActiveCfg = Debug|Any CPU
		{2B54FA22-CFF1-4CFA-AE7D-2A58BAD0911A}.Debug|Any CPU.Build.0 = Debug|Any CPU
		{2B54FA22-CFF1-4CFA-AE7D-2A58BAD0911A}.Release|Any CPU.ActiveCfg = Release|Any CPU
		{2B54FA22-CFF1-4CFA-AE7D-2A58BAD0911A}.Release|Any CPU.Build.0 = Release|Any CPU
	EndGlobalSection
	GlobalSection(SolutionProperties) = preSolution
		HideSolutionNode = FALSE
	EndGlobalSection
	GlobalSection(ExtensibilityGlobals) = postSolution
		SolutionGuid = {16D81F0D-F662-4776-A716-1A3671E708AB}
	EndGlobalSection
EndGlobal
